
Microsoft Visual Studio Solution File, Format Version 12.00
# Visual Studio Version 17
VisualStudioVersion = 17.8.34525.116
MinimumVisualStudioVersion = 10.0.40219.1
Project("{8BC9CEB8-8B4A-11D0-8D11-00A0C91BC942}") = "Solitare", "Solitare.vcxproj", "{51792853-07AA-4291-A6EE-028B28267EE1}"
EndProject
Global
	GlobalSection(SolutionConfigurationPlatforms) = preSolution
		Debug|x64 = Debug|x64
		Debug|x86 = Debug|x86
		Release|x64 = Release|x64
		Release|x86 = Release|x86
	EndGlobalSection
	GlobalSection(ProjectConfigurationPlatforms) = postSolution
		{51792853-07AA-4291-A6EE-028B28267EE1}.Debug|x64.ActiveCfg = Debug|x64
		{51792853-07AA-4291-A6EE-028B28267EE1}.Debug|x64.Build.0 = Debug|x64
		{51792853-07AA-4291-A6EE-028B28267EE1}.Debug|x86.ActiveCfg = Debug|Win32
		{51792853-07AA-4291-A6EE-028B28267EE1}.Debug|x86.Build.0 = Debug|Win32
		{51792853-07AA-4291-A6EE-028B28267EE1}.Release|x64.ActiveCfg = Release|x64
		{51792853-07AA-4291-A6EE-028B28267EE1}.Release|x64.Build.0 = Release|x64
		{51792853-07AA-4291-A6EE-028B28267EE1}.Release|x86.ActiveCfg = Release|Win32
		{51792853-07AA-4291-A6EE-028B28267EE1}.Release|x86.Build.0 = Release|Win32
	EndGlobalSection
	GlobalSection(SolutionProperties) = preSolution
		HideSolutionNode = FALSE
	EndGlobalSection
	GlobalSection(ExtensibilityGlobals) = postSolution
		SolutionGuid = {5EF60D42-657C-4F9F-B273-492D18CB0378}
	EndGlobalSection
EndGlobal
